
Microsoft Visual Studio Solution File, Format Version 12.00
# Visual Studio 15
VisualStudioVersion = 15.0.27703.2042
MinimumVisualStudioVersion = 10.0.40219.1
Project("{FAE04EC0-301F-11D3-BF4B-00C04F79EFBC}") = "ASP_Final", "ASP_Final\ASP_Final.csproj", "{0C4472EC-4DAC-4781-9231-6B5316E08733}"
EndProject
Global
	GlobalSection(SolutionConfigurationPlatforms) = preSolution
		Debug|Any CPU = Debug|Any CPU
		Release|Any CPU = Release|Any CPU
	EndGlobalSection
	GlobalSection(ProjectConfigurationPlatforms) = postSolution
		{0C4472EC-4DAC-4781-9231-6B5316E08733}.Debug|Any CPU.ActiveCfg = Debug|Any CPU
		{0C4472EC-4DAC-4781-9231-6B5316E08733}.Debug|Any CPU.Build.0 = Debug|Any CPU
		{0C4472EC-4DAC-4781-9231-6B5316E08733}.Release|Any CPU.ActiveCfg = Release|Any CPU
		{0C4472EC-4DAC-4781-9231-6B5316E08733}.Release|Any CPU.Build.0 = Release|Any CPU
	EndGlobalSection
	GlobalSection(SolutionProperties) = preSolution
		HideSolutionNode = FALSE
	EndGlobalSection
	GlobalSection(ExtensibilityGlobals) = postSolution
		SolutionGuid = {E5F82384-3564-4B9F-9B9C-A76BE89B9AD0}
	EndGlobalSection
EndGlobal
